
Microsoft Visual Studio Solution File, Format Version 11.00
# Visual Studio 2010
Project("{FAE04EC0-301F-11D3-BF4B-00C04F79EFBC}") = "BathProducts", "BathProducts.csproj", "{BA678E15-DA64-4070-803F-55605CCD461F}"
EndProject
Project("{FAE04EC0-301F-11D3-BF4B-00C04F79EFBC}") = "BathProductsTest", "..\BathProductsTest\BathProductsTest.csproj", "{50544046-5692-4DD0-9C51-2A07E1A30B28}"
EndProject
Global
	GlobalSection(SolutionConfigurationPlatforms) = preSolution
		Debug|Any CPU = Debug|Any CPU
		Release|Any CPU = Release|Any CPU
	EndGlobalSection
	GlobalSection(ProjectConfigurationPlatforms) = postSolution
		{BA678E15-DA64-4070-803F-55605CCD461F}.Debug|Any CPU.ActiveCfg = Debug|Any CPU
		{BA678E15-DA64-4070-803F-55605CCD461F}.Debug|Any CPU.Build.0 = Debug|Any CPU
		{BA678E15-DA64-4070-803F-55605CCD461F}.Release|Any CPU.ActiveCfg = Release|Any CPU
		{BA678E15-DA64-4070-803F-55605CCD461F}.Release|Any CPU.Build.0 = Release|Any CPU
		{50544046-5692-4DD0-9C51-2A07E1A30B28}.Debug|Any CPU.ActiveCfg = Debug|Any CPU
		{50544046-5692-4DD0-9C51-2A07E1A30B28}.Debug|Any CPU.Build.0 = Debug|Any CPU
		{50544046-5692-4DD0-9C51-2A07E1A30B28}.Release|Any CPU.ActiveCfg = Release|Any CPU
		{50544046-5692-4DD0-9C51-2A07E1A30B28}.Release|Any CPU.Build.0 = Release|Any CPU
	EndGlobalSection
	GlobalSection(SolutionProperties) = preSolution
		HideSolutionNode = FALSE
	EndGlobalSection
EndGlobal
